// !$*UTF8*$!
{
	archiveVersion = 1;
	classes = {
	};
	objectVersion = 46;
	objects = {

/* Begin PBXBuildFile section */
		CB7EF4BC1F2397C100CF8B5B /* Request.swift in Sources */ = {isa = PBXBuildFile; fileRef = CB7EF4BB1F2397C100CF8B5B /* Request.swift */; };
		CB9071F51F2389A100C6AF8E /* AppDelegate.swift in Sources */ = {isa = PBXBuildFile; fileRef = CB9071F41F2389A100C6AF8E /* AppDelegate.swift */; };
		CB9071F71F2389A100C6AF8E /* ViewController.swift in Sources */ = {isa = PBXBuildFile; fileRef = CB9071F61F2389A100C6AF8E /* ViewController.swift */; };
		CB9071FA1F2389A100C6AF8E /* Main.storyboard in Resources */ = {isa = PBXBuildFile; fileRef = CB9071F81F2389A100C6AF8E /* Main.storyboard */; };
		CB9071FC1F2389A100C6AF8E /* Assets.xcassets in Resources */ = {isa = PBXBuildFile; fileRef = CB9071FB1F2389A100C6AF8E /* Assets.xcassets */; };
		CB9071FF1F2389A100C6AF8E /* LaunchScreen.storyboard in Resources */ = {isa = PBXBuildFile; fileRef = CB9071FD1F2389A100C6AF8E /* LaunchScreen.storyboard */; };
/* End PBXBuildFile section */

/* Begin PBXFileReference section */
		4668C4B621208C4400C29E89 /* config.h */ = {isa = PBXFileReference; fileEncoding = 4; lastKnownFileType = sourcecode.c.h; name = config.h; path = ../../config.h; sourceTree = "<group>"; };
		4668C4B721208EB900C29E89 /* Garage-Bridging-Header.h */ = {isa = PBXFileReference; lastKnownFileType = sourcecode.c.h; path = "Garage-Bridging-Header.h"; sourceTree = "<group>"; };
		CB7EF4BB1F2397C100CF8B5B /* Request.swift */ = {isa = PBXFileReference; fileEncoding = 4; lastKnownFileType = sourcecode.swift; path = Request.swift; sourceTree = "<group>"; };
		CB9071F11F2389A100C6AF8E /* Garage.app */ = {isa = PBXFileReference; explicitFileType = wrapper.application; includeInIndex = 0; path = Garage.app; sourceTree = BUILT_PRODUCTS_DIR; };
		CB9071F41F2389A100C6AF8E /* AppDelegate.swift */ = {isa = PBXFileReference; lastKnownFileType = sourcecode.swift; path = AppDelegate.swift; sourceTree = "<group>"; };
		CB9071F61F2389A100C6AF8E /* ViewController.swift */ = {isa = PBXFileReference; lastKnownFileType = sourcecode.swift; path = ViewController.swift; sourceTree = "<group>"; };
		CB9071F91F2389A100C6AF8E /* Base */ = {isa = PBXFileReference; lastKnownFileType = file.storyboard; name = Base; path = Base.lproj/Main.storyboard; sourceTree = "<group>"; };
		CB9071FB1F2389A100C6AF8E /* Assets.xcassets */ = {isa = PBXFileReference; lastKnownFileType = folder.assetcatalog; path = Assets.xcassets; sourceTree = "<group>"; };
		CB9071FE1F2389A100C6AF8E /* Base */ = {isa = PBXFileReference; lastKnownFileType = file.storyboard; name = Base; path = Base.lproj/LaunchScreen.storyboard; sourceTree = "<group>"; };
		CB9072001F2389A100C6AF8E /* Info.plist */ = {isa = PBXFileReference; lastKnownFileType = text.plist.xml; path = Info.plist; sourceTree = "<group>"; };
/* End PBXFileReference section */

/* Begin PBXFrameworksBuildPhase section */
		CB9071EE1F2389A100C6AF8E /* Frameworks */ = {
			isa = PBXFrameworksBuildPhase;
			buildActionMask = 2147483647;
			files = (
			);
			runOnlyForDeploymentPostprocessing = 0;
		};
/* End PBXFrameworksBuildPhase section */

/* Begin PBXGroup section */
		CB9071E81F2389A100C6AF8E = {
			isa = PBXGroup;
			children = (
				CB9071F31F2389A100C6AF8E /* Garage */,
				CB9071F21F2389A100C6AF8E /* Products */,
				4668C4B721208EB900C29E89 /* Garage-Bridging-Header.h */,
			);
			sourceTree = "<group>";
		};
		CB9071F21F2389A100C6AF8E /* Products */ = {
			isa = PBXGroup;
			children = (
				CB9071F11F2389A100C6AF8E /* Garage.app */,
			);
			name = Products;
			sourceTree = "<group>";
		};
		CB9071F31F2389A100C6AF8E /* Garage */ = {
			isa = PBXGroup;
			children = (
				4668C4B621208C4400C29E89 /* config.h */,
				CB9071F41F2389A100C6AF8E /* AppDelegate.swift */,
				CB9071F61F2389A100C6AF8E /* ViewController.swift */,
				CB9071F81F2389A100C6AF8E /* Main.storyboard */,
				CB9071FB1F2389A100C6AF8E /* Assets.xcassets */,
				CB9071FD1F2389A100C6AF8E /* LaunchScreen.storyboard */,
				CB9072001F2389A100C6AF8E /* Info.plist */,
				CB7EF4BB1F2397C100CF8B5B /* Request.swift */,
			);
			path = Garage;
			sourceTree = "<group>";
		};
/* End PBXGroup section */

/* Begin PBXNativeTarget section */
		CB9071F01F2389A100C6AF8E /* Garage */ = {
			isa = PBXNativeTarget;
			buildConfigurationList = CB9072031F2389A100C6AF8E /* Build configuration list for PBXNativeTarget "Garage" */;
			buildPhases = (
				CB9071ED1F2389A100C6AF8E /* Sources */,
				CB9071EE1F2389A100C6AF8E /* Frameworks */,
				CB9071EF1F2389A100C6AF8E /* Resources */,
			);
			buildRules = (
			);
			dependencies = (
			);
			name = Garage;
			productName = Garage;
			productReference = CB9071F11F2389A100C6AF8E /* Garage.app */;
			productType = "com.apple.product-type.application";
		};
/* End PBXNativeTarget section */

/* Begin PBXProject section */
		CB9071E91F2389A100C6AF8E /* Project object */ = {
			isa = PBXProject;
			attributes = {
				LastSwiftUpdateCheck = 0830;
				LastUpgradeCheck = 0930;
				ORGANIZATIONNAME = kpi;
				TargetAttributes = {
					CB9071F01F2389A100C6AF8E = {
						CreatedOnToolsVersion = 8.3.3;
						DevelopmentTeam = 9KPQV995W2;
						LastSwiftMigration = 0930;
						ProvisioningStyle = Manual;
					};
				};
			};
			buildConfigurationList = CB9071EC1F2389A100C6AF8E /* Build configuration list for PBXProject "Garage" */;
			compatibilityVersion = "Xcode 3.2";
			developmentRegion = English;
			hasScannedForEncodings = 0;
			knownRegions = (
				en,
				Base,
			);
			mainGroup = CB9071E81F2389A100C6AF8E;
			productRefGroup = CB9071F21F2389A100C6AF8E /* Products */;
			projectDirPath = "";
			projectRoot = "";
			targets = (
				CB9071F01F2389A100C6AF8E /* Garage */,
			);
		};
/* End PBXProject section */

/* Begin PBXResourcesBuildPhase section */
		CB9071EF1F2389A100C6AF8E /* Resources */ = {
			isa = PBXResourcesBuildPhase;
			buildActionMask = 2147483647;
			files = (
				CB9071FF1F2389A100C6AF8E /* LaunchScreen.storyboard in Resources */,
				CB9071FC1F2389A100C6AF8E /* Assets.xcassets in Resources */,
				CB9071FA1F2389A100C6AF8E /* Main.storyboard in Resources */,
			);
			runOnlyForDeploymentPostprocessing = 0;
		};
/* End PBXResourcesBuildPhase section */

/* Begin PBXSourcesBuildPhase section */
		CB9071ED1F2389A100C6AF8E /* Sources */ = {
			isa = PBXSourcesBuildPhase;
			buildActionMask = 2147483647;
			files = (
				CB7EF4BC1F2397C100CF8B5B /* Request.swift in Sources */,
				CB9071F71F2389A100C6AF8E /* ViewController.swift in Sources */,
				CB9071F51F2389A100C6AF8E /* AppDelegate.swift in Sources */,
			);
			runOnlyForDeploymentPostprocessing = 0;
		};
/* End PBXSourcesBuildPhase section */

/* Begin PBXVariantGroup section */
		CB9071F81F2389A100C6AF8E /* Main.storyboard */ = {
			isa = PBXVariantGroup;
			children = (
				CB9071F91F2389A100C6AF8E /* Base */,
			);
			name = Main.storyboard;
			sourceTree = "<group>";
		};
		CB9071FD1F2389A100C6AF8E /* LaunchScreen.storyboard */ = {
			isa = PBXVariantGroup;
			children = (
				CB9071FE1F2389A100C6AF8E /* Base */,
			);
			name = LaunchScreen.storyboard;
			sourceTree = "<group>";
		};
/* End PBXVariantGroup section */

/* Begin XCBuildConfiguration section */
		CB9072011F2389A100C6AF8E /* Debug */ = {
			isa = XCBuildConfiguration;
			buildSettings = {
				ALWAYS_SEARCH_USER_PATHS = NO;
				CLANG_ANALYZER_NONNULL = YES;
				CLANG_ANALYZER_NUMBER_OBJECT_CONVERSION = YES_AGGRESSIVE;
				CLANG_CXX_LANGUAGE_STANDARD = "gnu++0x";
				CLANG_CXX_LIBRARY = "libc++";
				CLANG_ENABLE_MODULES = YES;
				CLANG_ENABLE_OBJC_ARC = YES;
				CLANG_WARN_BLOCK_CAPTURE_AUTORELEASING = YES;
				CLANG_WARN_BOOL_CONVERSION = YES;
				CLANG_WARN_COMMA = YES;
				CLANG_WARN_CONSTANT_CONVERSION = YES;
				CLANG_WARN_DEPRECATED_OBJC_IMPLEMENTATIONS = YES;
				CLANG_WARN_DIRECT_OBJC_ISA_USAGE = YES_ERROR;
				CLANG_WARN_DOCUMENTATION_COMMENTS = YES;
				CLANG_WARN_EMPTY_BODY = YES;
				CLANG_WARN_ENUM_CONVERSION = YES;
				CLANG_WARN_INFINITE_RECURSION = YES;
				CLANG_WARN_INT_CONVERSION = YES;
				CLANG_WARN_NON_LITERAL_NULL_CONVERSION = YES;
				CLANG_WARN_OBJC_IMPLICIT_RETAIN_SELF = YES;
				CLANG_WARN_OBJC_LITERAL_CONVERSION = YES;
				CLANG_WARN_OBJC_ROOT_CLASS = YES_ERROR;
				CLANG_WARN_RANGE_LOOP_ANALYSIS = YES;
				CLANG_WARN_STRICT_PROTOTYPES = YES;
				CLANG_WARN_SUSPICIOUS_MOVE = YES;
				CLANG_WARN_UNREACHABLE_CODE = YES;
				CLANG_WARN__DUPLICATE_METHOD_MATCH = YES;
				"CODE_SIGN_IDENTITY[sdk=iphoneos*]" = "iPhone Developer";
				COPY_PHASE_STRIP = NO;
				DEBUG_INFORMATION_FORMAT = dwarf;
				ENABLE_STRICT_OBJC_MSGSEND = YES;
				ENABLE_TESTABILITY = YES;
				GCC_C_LANGUAGE_STANDARD = gnu99;
				GCC_DYNAMIC_NO_PIC = NO;
				GCC_NO_COMMON_BLOCKS = YES;
				GCC_OPTIMIZATION_LEVEL = 0;
				GCC_PREPROCESSOR_DEFINITIONS = (
					"DEBUG=1",
					"$(inherited)",
				);
				GCC_WARN_64_TO_32_BIT_CONVERSION = YES;
				GCC_WARN_ABOUT_RETURN_TYPE = YES_ERROR;
				GCC_WARN_UNDECLARED_SELECTOR = YES;
				GCC_WARN_UNINITIALIZED_AUTOS = YES_AGGRESSIVE;
				GCC_WARN_UNUSED_FUNCTION = YES;
				GCC_WARN_UNUSED_VARIABLE = YES;
				IPHONEOS_DEPLOYMENT_TARGET = 10.3;
				MTL_ENABLE_DEBUG_INFO = YES;
				ONLY_ACTIVE_ARCH = YES;
				SDKROOT = iphoneos;
				SWIFT_ACTIVE_COMPILATION_CONDITIONS = DEBUG;
				SWIFT_OPTIMIZATION_LEVEL = "-Onone";
			};
			name = Debug;
		};
		CB9072021F2389A100C6AF8E /* Release */ = {
			isa = XCBuildConfiguration;
			buildSettings = {
				ALWAYS_SEARCH_USER_PATHS = NO;
				CLANG_ANALYZER_NONNULL = YES;
				CLANG_ANALYZER_NUMBER_OBJECT_CONVERSION = YES_AGGRESSIVE;
				CLANG_CXX_LANGUAGE_STANDARD = "gnu++0x";
				CLANG_CXX_LIBRARY = "libc++";
				CLANG_ENABLE_MODULES = YES;
				CLANG_ENABLE_OBJC_ARC = YES;
				CLANG_WARN_BLOCK_CAPTURE_AUTORELEASING = YES;
				CLANG_WARN_BOOL_CONVERSION = YES;
				CLANG_WARN_COMMA = YES;
				CLANG_WARN_CONSTANT_CONVERSION = YES;
				CLANG_WARN_DEPRECATED_OBJC_IMPLEMENTATIONS = YES;
				CLANG_WARN_DIRECT_OBJC_ISA_USAGE = YES_ERROR;
				CLANG_WARN_DOCUMENTATION_COMMENTS = YES;
				CLANG_WARN_EMPTY_BODY = YES;
				CLANG_WARN_ENUM_CONVERSION = YES;
				CLANG_WARN_INFINITE_RECURSION = YES;
				CLANG_WARN_INT_CONVERSION = YES;
				CLANG_WARN_NON_LITERAL_NULL_CONVERSION = YES;
				CLANG_WARN_OBJC_IMPLICIT_RETAIN_SELF = YES;
				CLANG_WARN_OBJC_LITERAL_CONVERSION = YES;
				CLANG_WARN_OBJC_ROOT_CLASS = YES_ERROR;
				CLANG_WARN_RANGE_LOOP_ANALYSIS = YES;
				CLANG_WARN_STRICT_PROTOTYPES = YES;
				CLANG_WARN_SUSPICIOUS_MOVE = YES;
				CLANG_WARN_UNREACHABLE_CODE = YES;
				CLANG_WARN__DUPLICATE_METHOD_MATCH = YES;
				"CODE_SIGN_IDENTITY[sdk=iphoneos*]" = "iPhone Developer";
				COPY_PHASE_STRIP = NO;
				DEBUG_INFORMATION_FORMAT = "dwarf-with-dsym";
				ENABLE_NS_ASSERTIONS = NO;
				ENABLE_STRICT_OBJC_MSGSEND = YES;
				GCC_C_LANGUAGE_STANDARD = gnu99;
				GCC_NO_COMMON_BLOCKS = YES;
				GCC_WARN_64_TO_32_BIT_CONVERSION = YES;
				GCC_WARN_ABOUT_RETURN_TYPE = YES_ERROR;
				GCC_WARN_UNDECLARED_SELECTOR = YES;
				GCC_WARN_UNINITIALIZED_AUTOS = YES_AGGRESSIVE;
				GCC_WARN_UNUSED_FUNCTION = YES;
				GCC_WARN_UNUSED_VARIABLE = YES;
				IPHONEOS_DEPLOYMENT_TARGET = 10.3;
				MTL_ENABLE_DEBUG_INFO = NO;
				SDKROOT = iphoneos;
				SWIFT_OPTIMIZATION_LEVEL = "-Owholemodule";
				VALIDATE_PRODUCT = YES;
			};
			name = Release;
		};
		CB9072041F2389A100C6AF8E /* Debug */ = {
			isa = XCBuildConfiguration;
			buildSettings = {
				ASSETCATALOG_COMPILER_APPICON_NAME = AppIcon;
				CLANG_ENABLE_MODULES = YES;
				"CODE_SIGN_IDENTITY[sdk=iphoneos*]" = "iPhone Distribution";
				CODE_SIGN_STYLE = Manual;
				DEVELOPMENT_TEAM = 9KPQV995W2;
				INFOPLIST_FILE = Garage/Info.plist;
				LD_RUNPATH_SEARCH_PATHS = "$(inherited) @executable_path/Frameworks";
				PRODUCT_BUNDLE_IDENTIFIER = dk.kpi.garage;
				PRODUCT_NAME = "$(TARGET_NAME)";
				PROVISIONING_PROFILE = "3bb8121d-6b5d-4813-abfa-4e0274584c83";
				PROVISIONING_PROFILE_SPECIFIER = "Kpi garage";
				SWIFT_OBJC_BRIDGING_HEADER = "Garage-Bridging-Header.h";
				SWIFT_OPTIMIZATION_LEVEL = "-Onone";
				SWIFT_VERSION = 3.0;
			};
			name = Debug;
		};
		CB9072051F2389A100C6AF8E /* Release */ = {
			isa = XCBuildConfiguration;
			buildSettings = {
				ASSETCATALOG_COMPILER_APPICON_NAME = AppIcon;
				CLANG_ENABLE_MODULES = YES;
				"CODE_SIGN_IDENTITY[sdk=iphoneos*]" = "iPhone Distribution";
				CODE_SIGN_STYLE = Manual;
				DEVELOPMENT_TEAM = 9KPQV995W2;
				INFOPLIST_FILE = Garage/Info.plist;
				LD_RUNPATH_SEARCH_PATHS = "$(inherited) @executable_path/Frameworks";
				PRODUCT_BUNDLE_IDENTIFIER = dk.kpi.garage;
				PRODUCT_NAME = "$(TARGET_NAME)";
				PROVISIONING_PROFILE = "3bb8121d-6b5d-4813-abfa-4e0274584c83";
				PROVISIONING_PROFILE_SPECIFIER = "Kpi garage";
				SWIFT_OBJC_BRIDGING_HEADER = "Garage-Bridging-Header.h";
				SWIFT_VERSION = 3.0;
			};
			name = Release;
		};
/* End XCBuildConfiguration section */

/* Begin XCConfigurationList section */
		CB9071EC1F2389A100C6AF8E /* Build configuration list for PBXProject "Garage" */ = {
			isa = XCConfigurationList;
			buildConfigurations = (
				CB9072011F2389A100C6AF8E /* Debug */,
				CB9072021F2389A100C6AF8E /* Release */,
			);
			defaultConfigurationIsVisible = 0;
			defaultConfigurationName = Release;
		};
		CB9072031F2389A100C6AF8E /* Build configuration list for PBXNativeTarget "Garage" */ = {
			isa = XCConfigurationList;
			buildConfigurations = (
				CB9072041F2389A100C6AF8E /* Debug */,
				CB9072051F2389A100C6AF8E /* Release */,
			);
			defaultConfigurationIsVisible = 0;
			defaultConfigurationName = Release;
		};
/* End XCConfigurationList section */
	};
	rootObject = CB9071E91F2389A100C6AF8E /* Project object */;
}
